
Microsoft Visual Studio Solution File, Format Version 12.00
# Visual Studio Version 16
VisualStudioVersion = 16.0.32901.82
MinimumVisualStudioVersion = 10.0.40219.1
Project("{FAE04EC0-301F-11D3-BF4B-00C04F79EFBC}") = "AppSD", "AppSD\AppSD.csproj", "{36BAF820-5597-41F7-99FF-0B2DE3A0D87B}"
EndProject
Global
	GlobalSection(SolutionConfigurationPlatforms) = preSolution
		Debug|Any CPU = Debug|Any CPU
		Release|Any CPU = Release|Any CPU
	EndGlobalSection
	GlobalSection(ProjectConfigurationPlatforms) = postSolution
		{36BAF820-5597-41F7-99FF-0B2DE3A0D87B}.Debug|Any CPU.ActiveCfg = Debug|Any CPU
		{36BAF820-5597-41F7-99FF-0B2DE3A0D87B}.Debug|Any CPU.Build.0 = Debug|Any CPU
		{36BAF820-5597-41F7-99FF-0B2DE3A0D87B}.Release|Any CPU.ActiveCfg = Release|Any CPU
		{36BAF820-5597-41F7-99FF-0B2DE3A0D87B}.Release|Any CPU.Build.0 = Release|Any CPU
	EndGlobalSection
	GlobalSection(SolutionProperties) = preSolution
		HideSolutionNode = FALSE
	EndGlobalSection
	GlobalSection(ExtensibilityGlobals) = postSolution
		SolutionGuid = {A0BECB2D-7E39-4573-B028-D1697A8DDB65}
	EndGlobalSection
EndGlobal
